// !$*UTF8*$!
{
	archiveVersion = 1;
	classes = {
	};
	objectVersion = 50;
	objects = {

/* Begin PBXBuildFile section */
		3B3BB71F2829F5CE008D2BCF /* Core_Data_DemoApp.swift in Sources */ = {isa = PBXBuildFile; fileRef = 3B3BB71E2829F5CE008D2BCF /* Core_Data_DemoApp.swift */; };
		3B3BB7212829F5CE008D2BCF /* ContentView.swift in Sources */ = {isa = PBXBuildFile; fileRef = 3B3BB7202829F5CE008D2BCF /* ContentView.swift */; };
		3B3BB7232829F5DA008D2BCF /* Assets.xcassets in Resources */ = {isa = PBXBuildFile; fileRef = 3B3BB7222829F5DA008D2BCF /* Assets.xcassets */; };
		3B3BB7262829F5DA008D2BCF /* Preview Assets.xcassets in Resources */ = {isa = PBXBuildFile; fileRef = 3B3BB7252829F5DA008D2BCF /* Preview Assets.xcassets */; };
		3B3BB7282829F5DA008D2BCF /* Persistence.swift in Sources */ = {isa = PBXBuildFile; fileRef = 3B3BB7272829F5DA008D2BCF /* Persistence.swift */; };
		3B3BB72B2829F5DA008D2BCF /* Core_Data_Demo.xcdatamodeld in Sources */ = {isa = PBXBuildFile; fileRef = 3B3BB7292829F5DA008D2BCF /* Core_Data_Demo.xcdatamodeld */; };
		3B3BB73B282A5E80008D2BCF /* TestFile.swift in Sources */ = {isa = PBXBuildFile; fileRef = 3B3BB73A282A5E80008D2BCF /* TestFile.swift */; };
		3B3BB753282B3D01008D2BCF /* Person+CoreDataClass.swift in Sources */ = {isa = PBXBuildFile; fileRef = 3B3BB751282B3D01008D2BCF /* Person+CoreDataClass.swift */; };
		3B3BB754282B3D01008D2BCF /* Person+CoreDataProperties.swift in Sources */ = {isa = PBXBuildFile; fileRef = 3B3BB752282B3D01008D2BCF /* Person+CoreDataProperties.swift */; };
/* End PBXBuildFile section */

/* Begin PBXFileReference section */
		3B3BB71B2829F5CE008D2BCF /* Core Data Demo.app */ = {isa = PBXFileReference; explicitFileType = wrapper.application; includeInIndex = 0; path = "Core Data Demo.app"; sourceTree = BUILT_PRODUCTS_DIR; };
		3B3BB71E2829F5CE008D2BCF /* Core_Data_DemoApp.swift */ = {isa = PBXFileReference; lastKnownFileType = sourcecode.swift; path = Core_Data_DemoApp.swift; sourceTree = "<group>"; };
		3B3BB7202829F5CE008D2BCF /* ContentView.swift */ = {isa = PBXFileReference; lastKnownFileType = sourcecode.swift; path = ContentView.swift; sourceTree = "<group>"; };
		3B3BB7222829F5DA008D2BCF /* Assets.xcassets */ = {isa = PBXFileReference; lastKnownFileType = folder.assetcatalog; path = Assets.xcassets; sourceTree = "<group>"; };
		3B3BB7252829F5DA008D2BCF /* Preview Assets.xcassets */ = {isa = PBXFileReference; lastKnownFileType = folder.assetcatalog; path = "Preview Assets.xcassets"; sourceTree = "<group>"; };
		3B3BB7272829F5DA008D2BCF /* Persistence.swift */ = {isa = PBXFileReference; lastKnownFileType = sourcecode.swift; path = Persistence.swift; sourceTree = "<group>"; };
		3B3BB72A2829F5DA008D2BCF /* Core_Data_Demo.xcdatamodel */ = {isa = PBXFileReference; lastKnownFileType = wrapper.xcdatamodel; path = Core_Data_Demo.xcdatamodel; sourceTree = "<group>"; };
		3B3BB72C2829F5DA008D2BCF /* Info.plist */ = {isa = PBXFileReference; lastKnownFileType = text.plist.xml; path = Info.plist; sourceTree = "<group>"; };
		3B3BB73A282A5E80008D2BCF /* TestFile.swift */ = {isa = PBXFileReference; lastKnownFileType = sourcecode.swift; path = TestFile.swift; sourceTree = "<group>"; };
		3B3BB751282B3D01008D2BCF /* Person+CoreDataClass.swift */ = {isa = PBXFileReference; lastKnownFileType = sourcecode.swift; path = "Person+CoreDataClass.swift"; sourceTree = "<group>"; };
		3B3BB752282B3D01008D2BCF /* Person+CoreDataProperties.swift */ = {isa = PBXFileReference; lastKnownFileType = sourcecode.swift; path = "Person+CoreDataProperties.swift"; sourceTree = "<group>"; };
/* End PBXFileReference section */

/* Begin PBXFrameworksBuildPhase section */
		3B3BB7182829F5CE008D2BCF /* Frameworks */ = {
			isa = PBXFrameworksBuildPhase;
			buildActionMask = 2147483647;
			files = (
			);
			runOnlyForDeploymentPostprocessing = 0;
		};
/* End PBXFrameworksBuildPhase section */

/* Begin PBXGroup section */
		3B3BB7122829F5CE008D2BCF = {
			isa = PBXGroup;
			children = (
				3B3BB71D2829F5CE008D2BCF /* Core Data Demo */,
				3B3BB71C2829F5CE008D2BCF /* Products */,
			);
			sourceTree = "<group>";
		};
		3B3BB71C2829F5CE008D2BCF /* Products */ = {
			isa = PBXGroup;
			children = (
				3B3BB71B2829F5CE008D2BCF /* Core Data Demo.app */,
			);
			name = Products;
			sourceTree = "<group>";
		};
		3B3BB71D2829F5CE008D2BCF /* Core Data Demo */ = {
			isa = PBXGroup;
			children = (
				3B3BB71E2829F5CE008D2BCF /* Core_Data_DemoApp.swift */,
				3B3BB7202829F5CE008D2BCF /* ContentView.swift */,
				3B3BB7382829FAFC008D2BCF /* Model */,
				3B3BB7222829F5DA008D2BCF /* Assets.xcassets */,
				3B3BB7272829F5DA008D2BCF /* Persistence.swift */,
				3B3BB72C2829F5DA008D2BCF /* Info.plist */,
				3B3BB7292829F5DA008D2BCF /* Core_Data_Demo.xcdatamodeld */,
				3B3BB7242829F5DA008D2BCF /* Preview Content */,
				3B3BB73A282A5E80008D2BCF /* TestFile.swift */,
			);
			path = "Core Data Demo";
			sourceTree = "<group>";
		};
		3B3BB7242829F5DA008D2BCF /* Preview Content */ = {
			isa = PBXGroup;
			children = (
				3B3BB7252829F5DA008D2BCF /* Preview Assets.xcassets */,
			);
			path = "Preview Content";
			sourceTree = "<group>";
		};
		3B3BB7382829FAFC008D2BCF /* Model */ = {
			isa = PBXGroup;
			children = (
				3B3BB751282B3D01008D2BCF /* Person+CoreDataClass.swift */,
				3B3BB752282B3D01008D2BCF /* Person+CoreDataProperties.swift */,
			);
			path = Model;
			sourceTree = "<group>";
		};
/* End PBXGroup section */

/* Begin PBXNativeTarget section */
		3B3BB71A2829F5CE008D2BCF /* Core Data Demo */ = {
			isa = PBXNativeTarget;
			buildConfigurationList = 3B3BB72F2829F5DA008D2BCF /* Build configuration list for PBXNativeTarget "Core Data Demo" */;
			buildPhases = (
				3B3BB7172829F5CE008D2BCF /* Sources */,
				3B3BB7182829F5CE008D2BCF /* Frameworks */,
				3B3BB7192829F5CE008D2BCF /* Resources */,
			);
			buildRules = (
			);
			dependencies = (
			);
			name = "Core Data Demo";
			productName = "Core Data Demo";
			productReference = 3B3BB71B2829F5CE008D2BCF /* Core Data Demo.app */;
			productType = "com.apple.product-type.application";
		};
/* End PBXNativeTarget section */

/* Begin PBXProject section */
		3B3BB7132829F5CE008D2BCF /* Project object */ = {
			isa = PBXProject;
			attributes = {
				LastSwiftUpdateCheck = 1240;
				LastUpgradeCheck = 1240;
				TargetAttributes = {
					3B3BB71A2829F5CE008D2BCF = {
						CreatedOnToolsVersion = 12.4;
					};
				};
			};
			buildConfigurationList = 3B3BB7162829F5CE008D2BCF /* Build configuration list for PBXProject "Core Data Demo" */;
			compatibilityVersion = "Xcode 9.3";
			developmentRegion = en;
			hasScannedForEncodings = 0;
			knownRegions = (
				en,
				Base,
			);
			mainGroup = 3B3BB7122829F5CE008D2BCF;
			productRefGroup = 3B3BB71C2829F5CE008D2BCF /* Products */;
			projectDirPath = "";
			projectRoot = "";
			targets = (
				3B3BB71A2829F5CE008D2BCF /* Core Data Demo */,
			);
		};
/* End PBXProject section */

/* Begin PBXResourcesBuildPhase section */
		3B3BB7192829F5CE008D2BCF /* Resources */ = {
			isa = PBXResourcesBuildPhase;
			buildActionMask = 2147483647;
			files = (
				3B3BB7262829F5DA008D2BCF /* Preview Assets.xcassets in Resources */,
				3B3BB7232829F5DA008D2BCF /* Assets.xcassets in Resources */,
			);
			runOnlyForDeploymentPostprocessing = 0;
		};
/* End PBXResourcesBuildPhase section */

/* Begin PBXSourcesBuildPhase section */
		3B3BB7172829F5CE008D2BCF /* Sources */ = {
			isa = PBXSourcesBuildPhase;
			buildActionMask = 2147483647;
			files = (
				3B3BB754282B3D01008D2BCF /* Person+CoreDataProperties.swift in Sources */,
				3B3BB7282829F5DA008D2BCF /* Persistence.swift in Sources */,
				3B3BB72B2829F5DA008D2BCF /* Core_Data_Demo.xcdatamodeld in Sources */,
				3B3BB753282B3D01008D2BCF /* Person+CoreDataClass.swift in Sources */,
				3B3BB73B282A5E80008D2BCF /* TestFile.swift in Sources */,
				3B3BB7212829F5CE008D2BCF /* ContentView.swift in Sources */,
				3B3BB71F2829F5CE008D2BCF /* Core_Data_DemoApp.swift in Sources */,
			);
			runOnlyForDeploymentPostprocessing = 0;
		};
/* End PBXSourcesBuildPhase section */

/* Begin XCBuildConfiguration section */
		3B3BB72D2829F5DA008D2BCF /* Debug */ = {
			isa = XCBuildConfiguration;
			buildSettings = {
				ALWAYS_SEARCH_USER_PATHS = NO;
				CLANG_ANALYZER_NONNULL = YES;
				CLANG_ANALYZER_NUMBER_OBJECT_CONVERSION = YES_AGGRESSIVE;
				CLANG_CXX_LANGUAGE_STANDARD = "gnu++14";
				CLANG_CXX_LIBRARY = "libc++";
				CLANG_ENABLE_MODULES = YES;
				CLANG_ENABLE_OBJC_ARC = YES;
				CLANG_ENABLE_OBJC_WEAK = YES;
				CLANG_WARN_BLOCK_CAPTURE_AUTORELEASING = YES;
				CLANG_WARN_BOOL_CONVERSION = YES;
				CLANG_WARN_COMMA = YES;
				CLANG_WARN_CONSTANT_CONVERSION = YES;
				CLANG_WARN_DEPRECATED_OBJC_IMPLEMENTATIONS = YES;
				CLANG_WARN_DIRECT_OBJC_ISA_USAGE = YES_ERROR;
				CLANG_WARN_DOCUMENTATION_COMMENTS = YES;
				CLANG_WARN_EMPTY_BODY = YES;
				CLANG_WARN_ENUM_CONVERSION = YES;
				CLANG_WARN_INFINITE_RECURSION = YES;
				CLANG_WARN_INT_CONVERSION = YES;
				CLANG_WARN_NON_LITERAL_NULL_CONVERSION = YES;
				CLANG_WARN_OBJC_IMPLICIT_RETAIN_SELF = YES;
				CLANG_WARN_OBJC_LITERAL_CONVERSION = YES;
				CLANG_WARN_OBJC_ROOT_CLASS = YES_ERROR;
				CLANG_WARN_QUOTED_INCLUDE_IN_FRAMEWORK_HEADER = YES;
				CLANG_WARN_RANGE_LOOP_ANALYSIS = YES;
				CLANG_WARN_STRICT_PROTOTYPES = YES;
				CLANG_WARN_SUSPICIOUS_MOVE = YES;
				CLANG_WARN_UNGUARDED_AVAILABILITY = YES_AGGRESSIVE;
				CLANG_WARN_UNREACHABLE_CODE = YES;
				CLANG_WARN__DUPLICATE_METHOD_MATCH = YES;
				COPY_PHASE_STRIP = NO;
				DEBUG_INFORMATION_FORMAT = dwarf;
				ENABLE_STRICT_OBJC_MSGSEND = YES;
				ENABLE_TESTABILITY = YES;
				GCC_C_LANGUAGE_STANDARD = gnu11;
				GCC_DYNAMIC_NO_PIC = NO;
				GCC_NO_COMMON_BLOCKS = YES;
				GCC_OPTIMIZATION_LEVEL = 0;
				GCC_PREPROCESSOR_DEFINITIONS = (
					"DEBUG=1",
					"$(inherited)",
				);
				GCC_WARN_64_TO_32_BIT_CONVERSION = YES;
				GCC_WARN_ABOUT_RETURN_TYPE = YES_ERROR;
				GCC_WARN_UNDECLARED_SELECTOR = YES;
				GCC_WARN_UNINITIALIZED_AUTOS = YES_AGGRESSIVE;
				GCC_WARN_UNUSED_FUNCTION = YES;
				GCC_WARN_UNUSED_VARIABLE = YES;
				IPHONEOS_DEPLOYMENT_TARGET = 14.4;
				MTL_ENABLE_DEBUG_INFO = INCLUDE_SOURCE;
				MTL_FAST_MATH = YES;
				ONLY_ACTIVE_ARCH = YES;
				SDKROOT = iphoneos;
				SWIFT_ACTIVE_COMPILATION_CONDITIONS = DEBUG;
				SWIFT_OPTIMIZATION_LEVEL = "-Onone";
			};
			name = Debug;
		};
		3B3BB72E2829F5DA008D2BCF /* Release */ = {
			isa = XCBuildConfiguration;
			buildSettings = {
				ALWAYS_SEARCH_USER_PATHS = NO;
				CLANG_ANALYZER_NONNULL = YES;
				CLANG_ANALYZER_NUMBER_OBJECT_CONVERSION = YES_AGGRESSIVE;
				CLANG_CXX_LANGUAGE_STANDARD = "gnu++14";
				CLANG_CXX_LIBRARY = "libc++";
				CLANG_ENABLE_MODULES = YES;
				CLANG_ENABLE_OBJC_ARC = YES;
				CLANG_ENABLE_OBJC_WEAK = YES;
				CLANG_WARN_BLOCK_CAPTURE_AUTORELEASING = YES;
				CLANG_WARN_BOOL_CONVERSION = YES;
				CLANG_WARN_COMMA = YES;
				CLANG_WARN_CONSTANT_CONVERSION = YES;
				CLANG_WARN_DEPRECATED_OBJC_IMPLEMENTATIONS = YES;
				CLANG_WARN_DIRECT_OBJC_ISA_USAGE = YES_ERROR;
				CLANG_WARN_DOCUMENTATION_COMMENTS = YES;
				CLANG_WARN_EMPTY_BODY = YES;
				CLANG_WARN_ENUM_CONVERSION = YES;
				CLANG_WARN_INFINITE_RECURSION = YES;
				CLANG_WARN_INT_CONVERSION = YES;
				CLANG_WARN_NON_LITERAL_NULL_CONVERSION = YES;
				CLANG_WARN_OBJC_IMPLICIT_RETAIN_SELF = YES;
				CLANG_WARN_OBJC_LITERAL_CONVERSION = YES;
				CLANG_WARN_OBJC_ROOT_CLASS = YES_ERROR;
				CLANG_WARN_QUOTED_INCLUDE_IN_FRAMEWORK_HEADER = YES;
				CLANG_WARN_RANGE_LOOP_ANALYSIS = YES;
				CLANG_WARN_STRICT_PROTOTYPES = YES;
				CLANG_WARN_SUSPICIOUS_MOVE = YES;
				CLANG_WARN_UNGUARDED_AVAILABILITY = YES_AGGRESSIVE;
				CLANG_WARN_UNREACHABLE_CODE = YES;
				CLANG_WARN__DUPLICATE_METHOD_MATCH = YES;
				COPY_PHASE_STRIP = NO;
				DEBUG_INFORMATION_FORMAT = "dwarf-with-dsym";
				ENABLE_NS_ASSERTIONS = NO;
				ENABLE_STRICT_OBJC_MSGSEND = YES;
				GCC_C_LANGUAGE_STANDARD = gnu11;
				GCC_NO_COMMON_BLOCKS = YES;
				GCC_WARN_64_TO_32_BIT_CONVERSION = YES;
				GCC_WARN_ABOUT_RETURN_TYPE = YES_ERROR;
				GCC_WARN_UNDECLARED_SELECTOR = YES;
				GCC_WARN_UNINITIALIZED_AUTOS = YES_AGGRESSIVE;
				GCC_WARN_UNUSED_FUNCTION = YES;
				GCC_WARN_UNUSED_VARIABLE = YES;
				IPHONEOS_DEPLOYMENT_TARGET = 14.4;
				MTL_ENABLE_DEBUG_INFO = NO;
				MTL_FAST_MATH = YES;
				SDKROOT = iphoneos;
				SWIFT_COMPILATION_MODE = wholemodule;
				SWIFT_OPTIMIZATION_LEVEL = "-O";
				VALIDATE_PRODUCT = YES;
			};
			name = Release;
		};
		3B3BB7302829F5DA008D2BCF /* Debug */ = {
			isa = XCBuildConfiguration;
			buildSettings = {
				ASSETCATALOG_COMPILER_APPICON_NAME = AppIcon;
				ASSETCATALOG_COMPILER_GLOBAL_ACCENT_COLOR_NAME = AccentColor;
				CODE_SIGN_STYLE = Automatic;
				DEVELOPMENT_ASSET_PATHS = "\"Core Data Demo/Preview Content\"";
				DEVELOPMENT_TEAM = 2EE5SGL7U2;
				ENABLE_PREVIEWS = YES;
				INFOPLIST_FILE = "Core Data Demo/Info.plist";
				IPHONEOS_DEPLOYMENT_TARGET = 14.0;
				LD_RUNPATH_SEARCH_PATHS = (
					"$(inherited)",
					"@executable_path/Frameworks",
				);
				PRODUCT_BUNDLE_IDENTIFIER = "SB.Core-Data-Demo";
				PRODUCT_NAME = "$(TARGET_NAME)";
				SWIFT_VERSION = 5.0;
				TARGETED_DEVICE_FAMILY = "1,2";
			};
			name = Debug;
		};
		3B3BB7312829F5DA008D2BCF /* Release */ = {
			isa = XCBuildConfiguration;
			buildSettings = {
				ASSETCATALOG_COMPILER_APPICON_NAME = AppIcon;
				ASSETCATALOG_COMPILER_GLOBAL_ACCENT_COLOR_NAME = AccentColor;
				CODE_SIGN_STYLE = Automatic;
				DEVELOPMENT_ASSET_PATHS = "\"Core Data Demo/Preview Content\"";
				DEVELOPMENT_TEAM = 2EE5SGL7U2;
				ENABLE_PREVIEWS = YES;
				INFOPLIST_FILE = "Core Data Demo/Info.plist";
				IPHONEOS_DEPLOYMENT_TARGET = 14.0;
				LD_RUNPATH_SEARCH_PATHS = (
					"$(inherited)",
					"@executable_path/Frameworks",
				);
				PRODUCT_BUNDLE_IDENTIFIER = "SB.Core-Data-Demo";
				PRODUCT_NAME = "$(TARGET_NAME)";
				SWIFT_VERSION = 5.0;
				TARGETED_DEVICE_FAMILY = "1,2";
			};
			name = Release;
		};
/* End XCBuildConfiguration section */

/* Begin XCConfigurationList section */
		3B3BB7162829F5CE008D2BCF /* Build configuration list for PBXProject "Core Data Demo" */ = {
			isa = XCConfigurationList;
			buildConfigurations = (
				3B3BB72D2829F5DA008D2BCF /* Debug */,
				3B3BB72E2829F5DA008D2BCF /* Release */,
			);
			defaultConfigurationIsVisible = 0;
			defaultConfigurationName = Release;
		};
		3B3BB72F2829F5DA008D2BCF /* Build configuration list for PBXNativeTarget "Core Data Demo" */ = {
			isa = XCConfigurationList;
			buildConfigurations = (
				3B3BB7302829F5DA008D2BCF /* Debug */,
				3B3BB7312829F5DA008D2BCF /* Release */,
			);
			defaultConfigurationIsVisible = 0;
			defaultConfigurationName = Release;
		};
/* End XCConfigurationList section */

/* Begin XCVersionGroup section */
		3B3BB7292829F5DA008D2BCF /* Core_Data_Demo.xcdatamodeld */ = {
			isa = XCVersionGroup;
			children = (
				3B3BB72A2829F5DA008D2BCF /* Core_Data_Demo.xcdatamodel */,
			);
			currentVersion = 3B3BB72A2829F5DA008D2BCF /* Core_Data_Demo.xcdatamodel */;
			path = Core_Data_Demo.xcdatamodeld;
			sourceTree = "<group>";
			versionGroupType = wrapper.xcdatamodel;
		};
/* End XCVersionGroup section */
	};
	rootObject = 3B3BB7132829F5CE008D2BCF /* Project object */;
}
